# THIS IS AN AUTOGENERATED FILE. DO NOT EDIT THIS FILE DIRECTLY.
# yarn lockfile v1


istp@^1.0.5:
  version "1.0.5"
  resolved "https://registry.yarnpkg.com/istp/-/istp-1.0.5.tgz#b721152245f2d9e8026314ab9d7992e0be8e0e33"
  integrity sha512-cU8A1LU4xKRUJqRkaE1+mNtml+ttklIfqgVDZPKZE16RpyTvE1lXr3e+qaQ/O2E8he7Itz/VZAXA+HjBMWiqhg==
